
Microsoft Visual Studio Solution File, Format Version 12.00
# Visual Studio Version 17
VisualStudioVersion = 17.8.34227.203
MinimumVisualStudioVersion = 10.0.40219.1
Project("{FAE04EC0-301F-11D3-BF4B-00C04F79EFBC}") = "OpenGraphTilemakerReborn", "src\OpenGraphTilemakerReborn\OpenGraphTilemakerReborn.csproj", "{2C454984-A209-4FAA-A5D4-E51C185B5FFF}"
EndProject
Global
	GlobalSection(SolutionConfigurationPlatforms) = preSolution
		Debug|Any CPU = Debug|Any CPU
		Release|Any CPU = Release|Any CPU
	EndGlobalSection
	GlobalSection(ProjectConfigurationPlatforms) = postSolution
		{2C454984-A209-4FAA-A5D4-E51C185B5FFF}.Debug|Any CPU.ActiveCfg = Debug|Any CPU
		{2C454984-A209-4FAA-A5D4-E51C185B5FFF}.Debug|Any CPU.Build.0 = Debug|Any CPU
		{2C454984-A209-4FAA-A5D4-E51C185B5FFF}.Release|Any CPU.ActiveCfg = Release|Any CPU
		{2C454984-A209-4FAA-A5D4-E51C185B5FFF}.Release|Any CPU.Build.0 = Release|Any CPU
	EndGlobalSection
	GlobalSection(SolutionProperties) = preSolution
		HideSolutionNode = FALSE
	EndGlobalSection
	GlobalSection(ExtensibilityGlobals) = postSolution
		SolutionGuid = {5E187522-65EF-48C5-83AC-7501EA6851E0}
	EndGlobalSection
EndGlobal
